{
  "name": "mhta-medicalstructure",
  "version": "0.1.0",
  "lockfileVersion": 1,
  "requires": true,
  "dependencies": {
    "mhta-model": {
      "version": "0.1.0",
      "requires": {
        "ow": "^0.8.0",
        "uuid": "^3.3.2"
      },
      "dependencies": {
        "@types/node": {
          "version": "10.12.18",
          "bundled": true
        },
        "@types/uuid": {
          "version": "3.4.4",
          "bundled": true,
          "requires": {
            "@types/node": "*"
          }
        },
        "ow": {
          "version": "0.8.0",
          "bundled": true
        },
        "uuid": {
          "version": "3.3.2",
          "bundled": true
        }
      }
    }
  }
}
